
Microsoft Visual Studio Solution File, Format Version 12.00
# Visual Studio Version 17
VisualStudioVersion = 17.1.32319.34
MinimumVisualStudioVersion = 10.0.40219.1
Project("{54A90642-561A-4BB1-A94E-469ADEE60C69}") = "AcademicInfoClient", "AcademicInfoClient.esproj", "{78332E6D-A7F6-4DB2-B6E1-4E8DE6573319}"
EndProject
Global
	GlobalSection(SolutionConfigurationPlatforms) = preSolution
		Debug|Any CPU = Debug|Any CPU
		Release|Any CPU = Release|Any CPU
	EndGlobalSection
	GlobalSection(ProjectConfigurationPlatforms) = postSolution
		{78332E6D-A7F6-4DB2-B6E1-4E8DE6573319}.Debug|Any CPU.ActiveCfg = Debug|Any CPU
		{78332E6D-A7F6-4DB2-B6E1-4E8DE6573319}.Debug|Any CPU.Build.0 = Debug|Any CPU
		{78332E6D-A7F6-4DB2-B6E1-4E8DE6573319}.Debug|Any CPU.Deploy.0 = Debug|Any CPU
		{78332E6D-A7F6-4DB2-B6E1-4E8DE6573319}.Release|Any CPU.ActiveCfg = Release|Any CPU
		{78332E6D-A7F6-4DB2-B6E1-4E8DE6573319}.Release|Any CPU.Build.0 = Release|Any CPU
		{78332E6D-A7F6-4DB2-B6E1-4E8DE6573319}.Release|Any CPU.Deploy.0 = Release|Any CPU
	EndGlobalSection
	GlobalSection(SolutionProperties) = preSolution
		HideSolutionNode = FALSE
	EndGlobalSection
	GlobalSection(ExtensibilityGlobals) = postSolution
		SolutionGuid = {D140EDEB-FDD2-45B2-9784-FE2975695D15}
	EndGlobalSection
EndGlobal
